// !$*UTF8*$!
{
	archiveVersion = 1;
	classes = {
	};
	objectVersion = 56;
	objects = {

/* Begin PBXBuildFile section */
		B945C0142AEAF1A300BE9092 /* AirportSearchViewModel.swift in Sources */ = {isa = PBXBuildFile; fileRef = B945C0132AEAF1A200BE9092 /* AirportSearchViewModel.swift */; };
		B945C0162AEB047C00BE9092 /* LocationViewModel.swift in Sources */ = {isa = PBXBuildFile; fileRef = B945C0152AEB047C00BE9092 /* LocationViewModel.swift */; };
		B97E74842AEC2E6A0027F458 /* Launch Screen.storyboard in Resources */ = {isa = PBXBuildFile; fileRef = B97E74832AEC2E6A0027F458 /* Launch Screen.storyboard */; };
		B9ABD5982AEAC428002F5BA9 /* AirPortSwiftUIApp.swift in Sources */ = {isa = PBXBuildFile; fileRef = B9ABD5972AEAC428002F5BA9 /* AirPortSwiftUIApp.swift */; };
		B9ABD59A2AEAC428002F5BA9 /* ContentView.swift in Sources */ = {isa = PBXBuildFile; fileRef = B9ABD5992AEAC428002F5BA9 /* ContentView.swift */; };
		B9ABD59C2AEAC429002F5BA9 /* Assets.xcassets in Resources */ = {isa = PBXBuildFile; fileRef = B9ABD59B2AEAC429002F5BA9 /* Assets.xcassets */; };
		B9ABD59F2AEAC429002F5BA9 /* Preview Assets.xcassets in Resources */ = {isa = PBXBuildFile; fileRef = B9ABD59E2AEAC429002F5BA9 /* Preview Assets.xcassets */; };
		B9ABD5AA2AEAC8DD002F5BA9 /* MapsView.swift in Sources */ = {isa = PBXBuildFile; fileRef = B9ABD5A92AEAC8DD002F5BA9 /* MapsView.swift */; };
		B9ABD5AC2AEAC8E5002F5BA9 /* ListView.swift in Sources */ = {isa = PBXBuildFile; fileRef = B9ABD5AB2AEAC8E5002F5BA9 /* ListView.swift */; };
		B9ABD5AE2AEAC8F5002F5BA9 /* HomeView.swift in Sources */ = {isa = PBXBuildFile; fileRef = B9ABD5AD2AEAC8F5002F5BA9 /* HomeView.swift */; };
		B9ABD5B02AEACAA3002F5BA9 /* AirportSearchModel.swift in Sources */ = {isa = PBXBuildFile; fileRef = B9ABD5AF2AEACAA3002F5BA9 /* AirportSearchModel.swift */; };
/* End PBXBuildFile section */

/* Begin PBXFileReference section */
		B945C0122AEAD66200BE9092 /* Info.plist */ = {isa = PBXFileReference; lastKnownFileType = text.plist; path = Info.plist; sourceTree = "<group>"; };
		B945C0132AEAF1A200BE9092 /* AirportSearchViewModel.swift */ = {isa = PBXFileReference; lastKnownFileType = sourcecode.swift; path = AirportSearchViewModel.swift; sourceTree = "<group>"; };
		B945C0152AEB047C00BE9092 /* LocationViewModel.swift */ = {isa = PBXFileReference; lastKnownFileType = sourcecode.swift; path = LocationViewModel.swift; sourceTree = "<group>"; };
		B97E74832AEC2E6A0027F458 /* Launch Screen.storyboard */ = {isa = PBXFileReference; lastKnownFileType = file.storyboard; path = "Launch Screen.storyboard"; sourceTree = "<group>"; };
		B9ABD5942AEAC428002F5BA9 /* AirPortSwiftUI.app */ = {isa = PBXFileReference; explicitFileType = wrapper.application; includeInIndex = 0; path = AirPortSwiftUI.app; sourceTree = BUILT_PRODUCTS_DIR; };
		B9ABD5972AEAC428002F5BA9 /* AirPortSwiftUIApp.swift */ = {isa = PBXFileReference; lastKnownFileType = sourcecode.swift; path = AirPortSwiftUIApp.swift; sourceTree = "<group>"; };
		B9ABD5992AEAC428002F5BA9 /* ContentView.swift */ = {isa = PBXFileReference; lastKnownFileType = sourcecode.swift; path = ContentView.swift; sourceTree = "<group>"; };
		B9ABD59B2AEAC429002F5BA9 /* Assets.xcassets */ = {isa = PBXFileReference; lastKnownFileType = folder.assetcatalog; path = Assets.xcassets; sourceTree = "<group>"; };
		B9ABD59E2AEAC429002F5BA9 /* Preview Assets.xcassets */ = {isa = PBXFileReference; lastKnownFileType = folder.assetcatalog; path = "Preview Assets.xcassets"; sourceTree = "<group>"; };
		B9ABD5A92AEAC8DD002F5BA9 /* MapsView.swift */ = {isa = PBXFileReference; lastKnownFileType = sourcecode.swift; path = MapsView.swift; sourceTree = "<group>"; };
		B9ABD5AB2AEAC8E5002F5BA9 /* ListView.swift */ = {isa = PBXFileReference; lastKnownFileType = sourcecode.swift; path = ListView.swift; sourceTree = "<group>"; };
		B9ABD5AD2AEAC8F5002F5BA9 /* HomeView.swift */ = {isa = PBXFileReference; lastKnownFileType = sourcecode.swift; path = HomeView.swift; sourceTree = "<group>"; };
		B9ABD5AF2AEACAA3002F5BA9 /* AirportSearchModel.swift */ = {isa = PBXFileReference; lastKnownFileType = sourcecode.swift; path = AirportSearchModel.swift; sourceTree = "<group>"; };
/* End PBXFileReference section */

/* Begin PBXFrameworksBuildPhase section */
		B9ABD5912AEAC428002F5BA9 /* Frameworks */ = {
			isa = PBXFrameworksBuildPhase;
			buildActionMask = 2147483647;
			files = (
			);
			runOnlyForDeploymentPostprocessing = 0;
		};
/* End PBXFrameworksBuildPhase section */

/* Begin PBXGroup section */
		B9ABD58B2AEAC428002F5BA9 = {
			isa = PBXGroup;
			children = (
				B9ABD5962AEAC428002F5BA9 /* AirPortSwiftUI */,
				B9ABD5952AEAC428002F5BA9 /* Products */,
			);
			sourceTree = "<group>";
		};
		B9ABD5952AEAC428002F5BA9 /* Products */ = {
			isa = PBXGroup;
			children = (
				B9ABD5942AEAC428002F5BA9 /* AirPortSwiftUI.app */,
			);
			name = Products;
			sourceTree = "<group>";
		};
		B9ABD5962AEAC428002F5BA9 /* AirPortSwiftUI */ = {
			isa = PBXGroup;
			children = (
				B945C0122AEAD66200BE9092 /* Info.plist */,
				B9ABD5972AEAC428002F5BA9 /* AirPortSwiftUIApp.swift */,
				B97E74832AEC2E6A0027F458 /* Launch Screen.storyboard */,
				B9ABD5A72AEAC84D002F5BA9 /* App */,
				B9ABD5A82AEAC85C002F5BA9 /* Views */,
				B9ABD5A52AEAC82F002F5BA9 /* Model */,
				B9ABD5A62AEAC83A002F5BA9 /* ViewModel */,
				B9ABD59B2AEAC429002F5BA9 /* Assets.xcassets */,
				B9ABD59D2AEAC429002F5BA9 /* Preview Content */,
			);
			path = AirPortSwiftUI;
			sourceTree = "<group>";
		};
		B9ABD59D2AEAC429002F5BA9 /* Preview Content */ = {
			isa = PBXGroup;
			children = (
				B9ABD59E2AEAC429002F5BA9 /* Preview Assets.xcassets */,
			);
			path = "Preview Content";
			sourceTree = "<group>";
		};
		B9ABD5A52AEAC82F002F5BA9 /* Model */ = {
			isa = PBXGroup;
			children = (
				B9ABD5AF2AEACAA3002F5BA9 /* AirportSearchModel.swift */,
			);
			path = Model;
			sourceTree = "<group>";
		};
		B9ABD5A62AEAC83A002F5BA9 /* ViewModel */ = {
			isa = PBXGroup;
			children = (
				B945C0132AEAF1A200BE9092 /* AirportSearchViewModel.swift */,
				B945C0152AEB047C00BE9092 /* LocationViewModel.swift */,
			);
			path = ViewModel;
			sourceTree = "<group>";
		};
		B9ABD5A72AEAC84D002F5BA9 /* App */ = {
			isa = PBXGroup;
			children = (
				B9ABD5992AEAC428002F5BA9 /* ContentView.swift */,
				B9ABD5AD2AEAC8F5002F5BA9 /* HomeView.swift */,
			);
			path = App;
			sourceTree = "<group>";
		};
		B9ABD5A82AEAC85C002F5BA9 /* Views */ = {
			isa = PBXGroup;
			children = (
				B9ABD5A92AEAC8DD002F5BA9 /* MapsView.swift */,
				B9ABD5AB2AEAC8E5002F5BA9 /* ListView.swift */,
			);
			path = Views;
			sourceTree = "<group>";
		};
/* End PBXGroup section */

/* Begin PBXNativeTarget section */
		B9ABD5932AEAC428002F5BA9 /* AirPortSwiftUI */ = {
			isa = PBXNativeTarget;
			buildConfigurationList = B9ABD5A22AEAC429002F5BA9 /* Build configuration list for PBXNativeTarget "AirPortSwiftUI" */;
			buildPhases = (
				B9ABD5902AEAC428002F5BA9 /* Sources */,
				B9ABD5912AEAC428002F5BA9 /* Frameworks */,
				B9ABD5922AEAC428002F5BA9 /* Resources */,
			);
			buildRules = (
			);
			dependencies = (
			);
			name = AirPortSwiftUI;
			productName = AirPortSwiftUI;
			productReference = B9ABD5942AEAC428002F5BA9 /* AirPortSwiftUI.app */;
			productType = "com.apple.product-type.application";
		};
/* End PBXNativeTarget section */

/* Begin PBXProject section */
		B9ABD58C2AEAC428002F5BA9 /* Project object */ = {
			isa = PBXProject;
			attributes = {
				BuildIndependentTargetsInParallel = 1;
				LastSwiftUpdateCheck = 1500;
				LastUpgradeCheck = 1500;
				TargetAttributes = {
					B9ABD5932AEAC428002F5BA9 = {
						CreatedOnToolsVersion = 15.0.1;
					};
				};
			};
			buildConfigurationList = B9ABD58F2AEAC428002F5BA9 /* Build configuration list for PBXProject "AirPortSwiftUI" */;
			compatibilityVersion = "Xcode 14.0";
			developmentRegion = en;
			hasScannedForEncodings = 0;
			knownRegions = (
				en,
				Base,
			);
			mainGroup = B9ABD58B2AEAC428002F5BA9;
			productRefGroup = B9ABD5952AEAC428002F5BA9 /* Products */;
			projectDirPath = "";
			projectRoot = "";
			targets = (
				B9ABD5932AEAC428002F5BA9 /* AirPortSwiftUI */,
			);
		};
/* End PBXProject section */

/* Begin PBXResourcesBuildPhase section */
		B9ABD5922AEAC428002F5BA9 /* Resources */ = {
			isa = PBXResourcesBuildPhase;
			buildActionMask = 2147483647;
			files = (
				B97E74842AEC2E6A0027F458 /* Launch Screen.storyboard in Resources */,
				B9ABD59F2AEAC429002F5BA9 /* Preview Assets.xcassets in Resources */,
				B9ABD59C2AEAC429002F5BA9 /* Assets.xcassets in Resources */,
			);
			runOnlyForDeploymentPostprocessing = 0;
		};
/* End PBXResourcesBuildPhase section */

/* Begin PBXSourcesBuildPhase section */
		B9ABD5902AEAC428002F5BA9 /* Sources */ = {
			isa = PBXSourcesBuildPhase;
			buildActionMask = 2147483647;
			files = (
				B945C0142AEAF1A300BE9092 /* AirportSearchViewModel.swift in Sources */,
				B9ABD5AC2AEAC8E5002F5BA9 /* ListView.swift in Sources */,
				B9ABD5B02AEACAA3002F5BA9 /* AirportSearchModel.swift in Sources */,
				B9ABD5AA2AEAC8DD002F5BA9 /* MapsView.swift in Sources */,
				B9ABD59A2AEAC428002F5BA9 /* ContentView.swift in Sources */,
				B9ABD5AE2AEAC8F5002F5BA9 /* HomeView.swift in Sources */,
				B9ABD5982AEAC428002F5BA9 /* AirPortSwiftUIApp.swift in Sources */,
				B945C0162AEB047C00BE9092 /* LocationViewModel.swift in Sources */,
			);
			runOnlyForDeploymentPostprocessing = 0;
		};
/* End PBXSourcesBuildPhase section */

/* Begin XCBuildConfiguration section */
		B9ABD5A02AEAC429002F5BA9 /* Debug */ = {
			isa = XCBuildConfiguration;
			buildSettings = {
				ALWAYS_SEARCH_USER_PATHS = NO;
				ASSETCATALOG_COMPILER_GENERATE_SWIFT_ASSET_SYMBOL_EXTENSIONS = YES;
				CLANG_ANALYZER_NONNULL = YES;
				CLANG_ANALYZER_NUMBER_OBJECT_CONVERSION = YES_AGGRESSIVE;
				CLANG_CXX_LANGUAGE_STANDARD = "gnu++20";
				CLANG_ENABLE_MODULES = YES;
				CLANG_ENABLE_OBJC_ARC = YES;
				CLANG_ENABLE_OBJC_WEAK = YES;
				CLANG_WARN_BLOCK_CAPTURE_AUTORELEASING = YES;
				CLANG_WARN_BOOL_CONVERSION = YES;
				CLANG_WARN_COMMA = YES;
				CLANG_WARN_CONSTANT_CONVERSION = YES;
				CLANG_WARN_DEPRECATED_OBJC_IMPLEMENTATIONS = YES;
				CLANG_WARN_DIRECT_OBJC_ISA_USAGE = YES_ERROR;
				CLANG_WARN_DOCUMENTATION_COMMENTS = YES;
				CLANG_WARN_EMPTY_BODY = YES;
				CLANG_WARN_ENUM_CONVERSION = YES;
				CLANG_WARN_INFINITE_RECURSION = YES;
				CLANG_WARN_INT_CONVERSION = YES;
				CLANG_WARN_NON_LITERAL_NULL_CONVERSION = YES;
				CLANG_WARN_OBJC_IMPLICIT_RETAIN_SELF = YES;
				CLANG_WARN_OBJC_LITERAL_CONVERSION = YES;
				CLANG_WARN_OBJC_ROOT_CLASS = YES_ERROR;
				CLANG_WARN_QUOTED_INCLUDE_IN_FRAMEWORK_HEADER = YES;
				CLANG_WARN_RANGE_LOOP_ANALYSIS = YES;
				CLANG_WARN_STRICT_PROTOTYPES = YES;
				CLANG_WARN_SUSPICIOUS_MOVE = YES;
				CLANG_WARN_UNGUARDED_AVAILABILITY = YES_AGGRESSIVE;
				CLANG_WARN_UNREACHABLE_CODE = YES;
				CLANG_WARN__DUPLICATE_METHOD_MATCH = YES;
				COPY_PHASE_STRIP = NO;
				DEBUG_INFORMATION_FORMAT = dwarf;
				ENABLE_STRICT_OBJC_MSGSEND = YES;
				ENABLE_TESTABILITY = YES;
				ENABLE_USER_SCRIPT_SANDBOXING = YES;
				GCC_C_LANGUAGE_STANDARD = gnu17;
				GCC_DYNAMIC_NO_PIC = NO;
				GCC_NO_COMMON_BLOCKS = YES;
				GCC_OPTIMIZATION_LEVEL = 0;
				GCC_PREPROCESSOR_DEFINITIONS = (
					"DEBUG=1",
					"$(inherited)",
				);
				GCC_WARN_64_TO_32_BIT_CONVERSION = YES;
				GCC_WARN_ABOUT_RETURN_TYPE = YES_ERROR;
				GCC_WARN_UNDECLARED_SELECTOR = YES;
				GCC_WARN_UNINITIALIZED_AUTOS = YES_AGGRESSIVE;
				GCC_WARN_UNUSED_FUNCTION = YES;
				GCC_WARN_UNUSED_VARIABLE = YES;
				IPHONEOS_DEPLOYMENT_TARGET = 17.0;
				LOCALIZATION_PREFERS_STRING_CATALOGS = YES;
				MTL_ENABLE_DEBUG_INFO = INCLUDE_SOURCE;
				MTL_FAST_MATH = YES;
				ONLY_ACTIVE_ARCH = YES;
				SDKROOT = iphoneos;
				SWIFT_ACTIVE_COMPILATION_CONDITIONS = "DEBUG $(inherited)";
				SWIFT_OPTIMIZATION_LEVEL = "-Onone";
			};
			name = Debug;
		};
		B9ABD5A12AEAC429002F5BA9 /* Release */ = {
			isa = XCBuildConfiguration;
			buildSettings = {
				ALWAYS_SEARCH_USER_PATHS = NO;
				ASSETCATALOG_COMPILER_GENERATE_SWIFT_ASSET_SYMBOL_EXTENSIONS = YES;
				CLANG_ANALYZER_NONNULL = YES;
				CLANG_ANALYZER_NUMBER_OBJECT_CONVERSION = YES_AGGRESSIVE;
				CLANG_CXX_LANGUAGE_STANDARD = "gnu++20";
				CLANG_ENABLE_MODULES = YES;
				CLANG_ENABLE_OBJC_ARC = YES;
				CLANG_ENABLE_OBJC_WEAK = YES;
				CLANG_WARN_BLOCK_CAPTURE_AUTORELEASING = YES;
				CLANG_WARN_BOOL_CONVERSION = YES;
				CLANG_WARN_COMMA = YES;
				CLANG_WARN_CONSTANT_CONVERSION = YES;
				CLANG_WARN_DEPRECATED_OBJC_IMPLEMENTATIONS = YES;
				CLANG_WARN_DIRECT_OBJC_ISA_USAGE = YES_ERROR;
				CLANG_WARN_DOCUMENTATION_COMMENTS = YES;
				CLANG_WARN_EMPTY_BODY = YES;
				CLANG_WARN_ENUM_CONVERSION = YES;
				CLANG_WARN_INFINITE_RECURSION = YES;
				CLANG_WARN_INT_CONVERSION = YES;
				CLANG_WARN_NON_LITERAL_NULL_CONVERSION = YES;
				CLANG_WARN_OBJC_IMPLICIT_RETAIN_SELF = YES;
				CLANG_WARN_OBJC_LITERAL_CONVERSION = YES;
				CLANG_WARN_OBJC_ROOT_CLASS = YES_ERROR;
				CLANG_WARN_QUOTED_INCLUDE_IN_FRAMEWORK_HEADER = YES;
				CLANG_WARN_RANGE_LOOP_ANALYSIS = YES;
				CLANG_WARN_STRICT_PROTOTYPES = YES;
				CLANG_WARN_SUSPICIOUS_MOVE = YES;
				CLANG_WARN_UNGUARDED_AVAILABILITY = YES_AGGRESSIVE;
				CLANG_WARN_UNREACHABLE_CODE = YES;
				CLANG_WARN__DUPLICATE_METHOD_MATCH = YES;
				COPY_PHASE_STRIP = NO;
				DEBUG_INFORMATION_FORMAT = "dwarf-with-dsym";
				ENABLE_NS_ASSERTIONS = NO;
				ENABLE_STRICT_OBJC_MSGSEND = YES;
				ENABLE_USER_SCRIPT_SANDBOXING = YES;
				GCC_C_LANGUAGE_STANDARD = gnu17;
				GCC_NO_COMMON_BLOCKS = YES;
				GCC_WARN_64_TO_32_BIT_CONVERSION = YES;
				GCC_WARN_ABOUT_RETURN_TYPE = YES_ERROR;
				GCC_WARN_UNDECLARED_SELECTOR = YES;
				GCC_WARN_UNINITIALIZED_AUTOS = YES_AGGRESSIVE;
				GCC_WARN_UNUSED_FUNCTION = YES;
				GCC_WARN_UNUSED_VARIABLE = YES;
				IPHONEOS_DEPLOYMENT_TARGET = 17.0;
				LOCALIZATION_PREFERS_STRING_CATALOGS = YES;
				MTL_ENABLE_DEBUG_INFO = NO;
				MTL_FAST_MATH = YES;
				SDKROOT = iphoneos;
				SWIFT_COMPILATION_MODE = wholemodule;
				VALIDATE_PRODUCT = YES;
			};
			name = Release;
		};
		B9ABD5A32AEAC429002F5BA9 /* Debug */ = {
			isa = XCBuildConfiguration;
			buildSettings = {
				ASSETCATALOG_COMPILER_APPICON_NAME = AppIcon;
				ASSETCATALOG_COMPILER_GLOBAL_ACCENT_COLOR_NAME = AccentColor;
				CODE_SIGN_STYLE = Automatic;
				CURRENT_PROJECT_VERSION = 1;
				DEVELOPMENT_ASSET_PATHS = "\"AirPortSwiftUI/Preview Content\"";
				DEVELOPMENT_TEAM = 3Z78T6F3H5;
				ENABLE_PREVIEWS = YES;
				GENERATE_INFOPLIST_FILE = YES;
				INFOPLIST_FILE = AirPortSwiftUI/Info.plist;
				INFOPLIST_KEY_NSLocationWhenInUseUsageDescription = "Se solicita el permiso de la ubicación para calcular los aereopuertos cercanos a ti.";
				INFOPLIST_KEY_UIApplicationSceneManifest_Generation = YES;
				INFOPLIST_KEY_UIApplicationSupportsIndirectInputEvents = YES;
				INFOPLIST_KEY_UILaunchScreen_Generation = YES;
				INFOPLIST_KEY_UILaunchStoryboardName = "Launch Screen.storyboard";
				INFOPLIST_KEY_UISupportedInterfaceOrientations_iPad = "UIInterfaceOrientationPortrait UIInterfaceOrientationPortraitUpsideDown UIInterfaceOrientationLandscapeLeft UIInterfaceOrientationLandscapeRight";
				INFOPLIST_KEY_UISupportedInterfaceOrientations_iPhone = "UIInterfaceOrientationPortrait UIInterfaceOrientationLandscapeLeft UIInterfaceOrientationLandscapeRight";
				LD_RUNPATH_SEARCH_PATHS = (
					"$(inherited)",
					"@executable_path/Frameworks",
				);
				MARKETING_VERSION = 1.0;
				PRODUCT_BUNDLE_IDENTIFIER = com.juan.AirPortSwiftUI;
				PRODUCT_NAME = "$(TARGET_NAME)";
				SWIFT_EMIT_LOC_STRINGS = YES;
				SWIFT_VERSION = 5.0;
				TARGETED_DEVICE_FAMILY = "1,2";
			};
			name = Debug;
		};
		B9ABD5A42AEAC429002F5BA9 /* Release */ = {
			isa = XCBuildConfiguration;
			buildSettings = {
				ASSETCATALOG_COMPILER_APPICON_NAME = AppIcon;
				ASSETCATALOG_COMPILER_GLOBAL_ACCENT_COLOR_NAME = AccentColor;
				CODE_SIGN_STYLE = Automatic;
				CURRENT_PROJECT_VERSION = 1;
				DEVELOPMENT_ASSET_PATHS = "\"AirPortSwiftUI/Preview Content\"";
				DEVELOPMENT_TEAM = 3Z78T6F3H5;
				ENABLE_PREVIEWS = YES;
				GENERATE_INFOPLIST_FILE = YES;
				INFOPLIST_FILE = AirPortSwiftUI/Info.plist;
				INFOPLIST_KEY_NSLocationWhenInUseUsageDescription = "Se solicita el permiso de la ubicación para calcular los aereopuertos cercanos a ti.";
				INFOPLIST_KEY_UIApplicationSceneManifest_Generation = YES;
				INFOPLIST_KEY_UIApplicationSupportsIndirectInputEvents = YES;
				INFOPLIST_KEY_UILaunchScreen_Generation = YES;
				INFOPLIST_KEY_UILaunchStoryboardName = "Launch Screen.storyboard";
				INFOPLIST_KEY_UISupportedInterfaceOrientations_iPad = "UIInterfaceOrientationPortrait UIInterfaceOrientationPortraitUpsideDown UIInterfaceOrientationLandscapeLeft UIInterfaceOrientationLandscapeRight";
				INFOPLIST_KEY_UISupportedInterfaceOrientations_iPhone = "UIInterfaceOrientationPortrait UIInterfaceOrientationLandscapeLeft UIInterfaceOrientationLandscapeRight";
				LD_RUNPATH_SEARCH_PATHS = (
					"$(inherited)",
					"@executable_path/Frameworks",
				);
				MARKETING_VERSION = 1.0;
				PRODUCT_BUNDLE_IDENTIFIER = com.juan.AirPortSwiftUI;
				PRODUCT_NAME = "$(TARGET_NAME)";
				SWIFT_EMIT_LOC_STRINGS = YES;
				SWIFT_VERSION = 5.0;
				TARGETED_DEVICE_FAMILY = "1,2";
			};
			name = Release;
		};
/* End XCBuildConfiguration section */

/* Begin XCConfigurationList section */
		B9ABD58F2AEAC428002F5BA9 /* Build configuration list for PBXProject "AirPortSwiftUI" */ = {
			isa = XCConfigurationList;
			buildConfigurations = (
				B9ABD5A02AEAC429002F5BA9 /* Debug */,
				B9ABD5A12AEAC429002F5BA9 /* Release */,
			);
			defaultConfigurationIsVisible = 0;
			defaultConfigurationName = Release;
		};
		B9ABD5A22AEAC429002F5BA9 /* Build configuration list for PBXNativeTarget "AirPortSwiftUI" */ = {
			isa = XCConfigurationList;
			buildConfigurations = (
				B9ABD5A32AEAC429002F5BA9 /* Debug */,
				B9ABD5A42AEAC429002F5BA9 /* Release */,
			);
			defaultConfigurationIsVisible = 0;
			defaultConfigurationName = Release;
		};
/* End XCConfigurationList section */
	};
	rootObject = B9ABD58C2AEAC428002F5BA9 /* Project object */;
}
